
Microsoft Visual Studio Solution File, Format Version 12.00
# Visual Studio Version 17
VisualStudioVersion = 17.0.31912.275
MinimumVisualStudioVersion = 10.0.40219.1
Project("{9A19103F-16F7-4668-BE54-9A1E7A4F7556}") = "MagmaEncrypt", "MagmaEncrypt\MagmaEncrypt.csproj", "{38BBB552-F765-4ECF-9446-D9BB7E337884}"
EndProject
Project("{FAE04EC0-301F-11D3-BF4B-00C04F79EFBC}") = "тест", "тест\тест.csproj", "{F344B17F-F358-4522-AA12-C763D77A135F}"
EndProject
Global
	GlobalSection(SolutionConfigurationPlatforms) = preSolution
		Debug|Any CPU = Debug|Any CPU
		Release|Any CPU = Release|Any CPU
	EndGlobalSection
	GlobalSection(ProjectConfigurationPlatforms) = postSolution
		{38BBB552-F765-4ECF-9446-D9BB7E337884}.Debug|Any CPU.ActiveCfg = Debug|Any CPU
		{38BBB552-F765-4ECF-9446-D9BB7E337884}.Debug|Any CPU.Build.0 = Debug|Any CPU
		{38BBB552-F765-4ECF-9446-D9BB7E337884}.Release|Any CPU.ActiveCfg = Release|Any CPU
		{38BBB552-F765-4ECF-9446-D9BB7E337884}.Release|Any CPU.Build.0 = Release|Any CPU
		{F344B17F-F358-4522-AA12-C763D77A135F}.Debug|Any CPU.ActiveCfg = Debug|Any CPU
		{F344B17F-F358-4522-AA12-C763D77A135F}.Debug|Any CPU.Build.0 = Debug|Any CPU
		{F344B17F-F358-4522-AA12-C763D77A135F}.Release|Any CPU.ActiveCfg = Release|Any CPU
		{F344B17F-F358-4522-AA12-C763D77A135F}.Release|Any CPU.Build.0 = Release|Any CPU
	EndGlobalSection
	GlobalSection(SolutionProperties) = preSolution
		HideSolutionNode = FALSE
	EndGlobalSection
	GlobalSection(ExtensibilityGlobals) = postSolution
		SolutionGuid = {92937BFE-771E-43CD-9468-0CC54A685477}
	EndGlobalSection
EndGlobal
